github.com/OpenBlockResource/openblock-api-sdk-go v0.0.1 h1:RzfHcAQn6ypFryGmNJAZd4+eRjUjH8MkRH+z7IcYfBw=
github.com/OpenBlockResource/openblock-api-sdk-go v0.0.1/go.mod h1:D7KIBGRFM5hAE+zvML1YVQD91cfXczJql8P37mGAR2Y=
github.com/google/uuid v1.6.0 h1:NIvaJDMOsjHA8n1jAhLSgzrAzy1Hgr+hNrb57e+94F0=
github.com/google/uuid v1.6.0/go.mod h1:TIyPZe4MgqvfeYDBFedMoGGpEw/LqOeaOT+nhxU+yHo=
